// !$*UTF8*$!
{
	archiveVersion = 1;
	classes = {
	};
	objectVersion = 55;
	objects = {

/* Begin PBXBuildFile section */
		747726412A36D7D600F2B6B0 /* AppDelegate.swift in Sources */ = {isa = PBXBuildFile; fileRef = 747726402A36D7D600F2B6B0 /* AppDelegate.swift */; };
		747726432A36D7D600F2B6B0 /* SceneDelegate.swift in Sources */ = {isa = PBXBuildFile; fileRef = 747726422A36D7D600F2B6B0 /* SceneDelegate.swift */; };
		747726482A36D7D600F2B6B0 /* Main.storyboard in Resources */ = {isa = PBXBuildFile; fileRef = 747726462A36D7D600F2B6B0 /* Main.storyboard */; };
		7477264A2A36D7D900F2B6B0 /* Assets.xcassets in Resources */ = {isa = PBXBuildFile; fileRef = 747726492A36D7D900F2B6B0 /* Assets.xcassets */; };
		7477264D2A36D7D900F2B6B0 /* LaunchScreen.storyboard in Resources */ = {isa = PBXBuildFile; fileRef = 7477264B2A36D7D900F2B6B0 /* LaunchScreen.storyboard */; };
		747726632A36D9EB00F2B6B0 /* MooskineTests.swift in Sources */ = {isa = PBXBuildFile; fileRef = 747726622A36D9EB00F2B6B0 /* MooskineTests.swift */; };
		7477266E2A36DA9000F2B6B0 /* NotebooksListViewController.swift in Sources */ = {isa = PBXBuildFile; fileRef = 7477266D2A36DA9000F2B6B0 /* NotebooksListViewController.swift */; };
		747726702A36DAAA00F2B6B0 /* NoteDetailsViewController.swift in Sources */ = {isa = PBXBuildFile; fileRef = 7477266F2A36DAAA00F2B6B0 /* NoteDetailsViewController.swift */; };
		747726722A36DAB900F2B6B0 /* NotesListViewController.swift in Sources */ = {isa = PBXBuildFile; fileRef = 747726712A36DAB900F2B6B0 /* NotesListViewController.swift */; };
		747726742A36DAD200F2B6B0 /* NotebookCell.swift in Sources */ = {isa = PBXBuildFile; fileRef = 747726732A36DAD200F2B6B0 /* NotebookCell.swift */; };
		747726762A36DADE00F2B6B0 /* NoteCell.swift in Sources */ = {isa = PBXBuildFile; fileRef = 747726752A36DADE00F2B6B0 /* NoteCell.swift */; };
		747726782A36DAEB00F2B6B0 /* Cell.swift in Sources */ = {isa = PBXBuildFile; fileRef = 747726772A36DAEB00F2B6B0 /* Cell.swift */; };
		7477267B2A36E13A00F2B6B0 /* Notebook+Extensions.swift in Sources */ = {isa = PBXBuildFile; fileRef = 7477267A2A36E13A00F2B6B0 /* Notebook+Extensions.swift */; };
		7477267D2A36E14A00F2B6B0 /* Note+Extensions.swift in Sources */ = {isa = PBXBuildFile; fileRef = 7477267C2A36E14A00F2B6B0 /* Note+Extensions.swift */; };
		7477267F2A36E18100F2B6B0 /* DataController.swift in Sources */ = {isa = PBXBuildFile; fileRef = 7477267E2A36E18100F2B6B0 /* DataController.swift */; };
		747726812A36E1A500F2B6B0 /* UpdateToAttributedStringsPolicy.swift in Sources */ = {isa = PBXBuildFile; fileRef = 747726802A36E1A500F2B6B0 /* UpdateToAttributedStringsPolicy.swift */; };
		747726832A36E1C200F2B6B0 /* Pathifier.swift in Sources */ = {isa = PBXBuildFile; fileRef = 747726822A36E1C200F2B6B0 /* Pathifier.swift */; };
/* End PBXBuildFile section */

/* Begin PBXContainerItemProxy section */
		747726642A36D9EB00F2B6B0 /* PBXContainerItemProxy */ = {
			isa = PBXContainerItemProxy;
			containerPortal = 747726352A36D7D500F2B6B0 /* Project object */;
			proxyType = 1;
			remoteGlobalIDString = 7477263C2A36D7D600F2B6B0;
			remoteInfo = Mooskine;
		};
/* End PBXContainerItemProxy section */

/* Begin PBXFileReference section */
		7477263D2A36D7D600F2B6B0 /* Mooskine.app */ = {isa = PBXFileReference; explicitFileType = wrapper.application; includeInIndex = 0; path = Mooskine.app; sourceTree = BUILT_PRODUCTS_DIR; };
		747726402A36D7D600F2B6B0 /* AppDelegate.swift */ = {isa = PBXFileReference; lastKnownFileType = sourcecode.swift; path = AppDelegate.swift; sourceTree = "<group>"; };
		747726422A36D7D600F2B6B0 /* SceneDelegate.swift */ = {isa = PBXFileReference; lastKnownFileType = sourcecode.swift; path = SceneDelegate.swift; sourceTree = "<group>"; };
		747726472A36D7D600F2B6B0 /* Base */ = {isa = PBXFileReference; lastKnownFileType = file.storyboard; name = Base; path = Base.lproj/Main.storyboard; sourceTree = "<group>"; };
		747726492A36D7D900F2B6B0 /* Assets.xcassets */ = {isa = PBXFileReference; lastKnownFileType = folder.assetcatalog; path = Assets.xcassets; sourceTree = "<group>"; };
		7477264C2A36D7D900F2B6B0 /* Base */ = {isa = PBXFileReference; lastKnownFileType = file.storyboard; name = Base; path = Base.lproj/LaunchScreen.storyboard; sourceTree = "<group>"; };
		7477264E2A36D7D900F2B6B0 /* Info.plist */ = {isa = PBXFileReference; lastKnownFileType = text.plist.xml; path = Info.plist; sourceTree = "<group>"; };
		747726602A36D9EB00F2B6B0 /* MooskineTests.xctest */ = {isa = PBXFileReference; explicitFileType = wrapper.cfbundle; includeInIndex = 0; path = MooskineTests.xctest; sourceTree = BUILT_PRODUCTS_DIR; };
		747726622A36D9EB00F2B6B0 /* MooskineTests.swift */ = {isa = PBXFileReference; lastKnownFileType = sourcecode.swift; path = MooskineTests.swift; sourceTree = "<group>"; };
		7477266D2A36DA9000F2B6B0 /* NotebooksListViewController.swift */ = {isa = PBXFileReference; lastKnownFileType = sourcecode.swift; path = NotebooksListViewController.swift; sourceTree = "<group>"; };
		7477266F2A36DAAA00F2B6B0 /* NoteDetailsViewController.swift */ = {isa = PBXFileReference; lastKnownFileType = sourcecode.swift; path = NoteDetailsViewController.swift; sourceTree = "<group>"; };
		747726712A36DAB900F2B6B0 /* NotesListViewController.swift */ = {isa = PBXFileReference; lastKnownFileType = sourcecode.swift; path = NotesListViewController.swift; sourceTree = "<group>"; };
		747726732A36DAD200F2B6B0 /* NotebookCell.swift */ = {isa = PBXFileReference; lastKnownFileType = sourcecode.swift; path = NotebookCell.swift; sourceTree = "<group>"; };
		747726752A36DADE00F2B6B0 /* NoteCell.swift */ = {isa = PBXFileReference; lastKnownFileType = sourcecode.swift; path = NoteCell.swift; sourceTree = "<group>"; };
		747726772A36DAEB00F2B6B0 /* Cell.swift */ = {isa = PBXFileReference; lastKnownFileType = sourcecode.swift; path = Cell.swift; sourceTree = "<group>"; };
		7477267A2A36E13A00F2B6B0 /* Notebook+Extensions.swift */ = {isa = PBXFileReference; lastKnownFileType = sourcecode.swift; path = "Notebook+Extensions.swift"; sourceTree = "<group>"; };
		7477267C2A36E14A00F2B6B0 /* Note+Extensions.swift */ = {isa = PBXFileReference; lastKnownFileType = sourcecode.swift; path = "Note+Extensions.swift"; sourceTree = "<group>"; };
		7477267E2A36E18100F2B6B0 /* DataController.swift */ = {isa = PBXFileReference; lastKnownFileType = sourcecode.swift; path = DataController.swift; sourceTree = "<group>"; };
		747726802A36E1A500F2B6B0 /* UpdateToAttributedStringsPolicy.swift */ = {isa = PBXFileReference; lastKnownFileType = sourcecode.swift; path = UpdateToAttributedStringsPolicy.swift; sourceTree = "<group>"; };
		747726822A36E1C200F2B6B0 /* Pathifier.swift */ = {isa = PBXFileReference; lastKnownFileType = sourcecode.swift; path = Pathifier.swift; sourceTree = "<group>"; };
/* End PBXFileReference section */

/* Begin PBXFrameworksBuildPhase section */
		7477263A2A36D7D600F2B6B0 /* Frameworks */ = {
			isa = PBXFrameworksBuildPhase;
			buildActionMask = 2147483647;
			files = (
			);
			runOnlyForDeploymentPostprocessing = 0;
		};
		7477265D2A36D9EB00F2B6B0 /* Frameworks */ = {
			isa = PBXFrameworksBuildPhase;
			buildActionMask = 2147483647;
			files = (
			);
			runOnlyForDeploymentPostprocessing = 0;
		};
/* End PBXFrameworksBuildPhase section */

/* Begin PBXGroup section */
		747726342A36D7D500F2B6B0 = {
			isa = PBXGroup;
			children = (
				747726402A36D7D600F2B6B0 /* AppDelegate.swift */,
				747726422A36D7D600F2B6B0 /* SceneDelegate.swift */,
				7477263F2A36D7D600F2B6B0 /* Mooskine */,
				747726612A36D9EB00F2B6B0 /* MooskineTests */,
				7477263E2A36D7D600F2B6B0 /* Products */,
			);
			sourceTree = "<group>";
		};
		7477263E2A36D7D600F2B6B0 /* Products */ = {
			isa = PBXGroup;
			children = (
				7477263D2A36D7D600F2B6B0 /* Mooskine.app */,
				747726602A36D9EB00F2B6B0 /* MooskineTests.xctest */,
			);
			name = Products;
			sourceTree = "<group>";
		};
		7477263F2A36D7D600F2B6B0 /* Mooskine */ = {
			isa = PBXGroup;
			children = (
				747726542A36D87900F2B6B0 /* Model */,
				747726552A36D88300F2B6B0 /* View Controllers */,
				747726562A36D88F00F2B6B0 /* Views */,
				7477265A2A36D90D00F2B6B0 /* Assets */,
				7477265B2A36D93200F2B6B0 /* Storyboards */,
				747726492A36D7D900F2B6B0 /* Assets.xcassets */,
				7477264E2A36D7D900F2B6B0 /* Info.plist */,
			);
			path = Mooskine;
			sourceTree = "<group>";
		};
		747726542A36D87900F2B6B0 /* Model */ = {
			isa = PBXGroup;
			children = (
				747726792A36E11100F2B6B0 /* Managed Object Extensions */,
				7477267E2A36E18100F2B6B0 /* DataController.swift */,
				747726802A36E1A500F2B6B0 /* UpdateToAttributedStringsPolicy.swift */,
				747726822A36E1C200F2B6B0 /* Pathifier.swift */,
			);
			path = Model;
			sourceTree = "<group>";
		};
		747726552A36D88300F2B6B0 /* View Controllers */ = {
			isa = PBXGroup;
			children = (
				7477266D2A36DA9000F2B6B0 /* NotebooksListViewController.swift */,
				7477266F2A36DAAA00F2B6B0 /* NoteDetailsViewController.swift */,
				747726712A36DAB900F2B6B0 /* NotesListViewController.swift */,
			);
			path = "View Controllers";
			sourceTree = "<group>";
		};
		747726562A36D88F00F2B6B0 /* Views */ = {
			isa = PBXGroup;
			children = (
				747726572A36D89E00F2B6B0 /* Cells */,
				747726582A36D8A800F2B6B0 /* Protocols */,
			);
			path = Views;
			sourceTree = "<group>";
		};
		747726572A36D89E00F2B6B0 /* Cells */ = {
			isa = PBXGroup;
			children = (
				747726732A36DAD200F2B6B0 /* NotebookCell.swift */,
				747726752A36DADE00F2B6B0 /* NoteCell.swift */,
			);
			path = Cells;
			sourceTree = "<group>";
		};
		747726582A36D8A800F2B6B0 /* Protocols */ = {
			isa = PBXGroup;
			children = (
				747726772A36DAEB00F2B6B0 /* Cell.swift */,
			);
			path = Protocols;
			sourceTree = "<group>";
		};
		7477265A2A36D90D00F2B6B0 /* Assets */ = {
			isa = PBXGroup;
			children = (
			);
			path = Assets;
			sourceTree = "<group>";
		};
		7477265B2A36D93200F2B6B0 /* Storyboards */ = {
			isa = PBXGroup;
			children = (
				747726462A36D7D600F2B6B0 /* Main.storyboard */,
				7477264B2A36D7D900F2B6B0 /* LaunchScreen.storyboard */,
			);
			path = Storyboards;
			sourceTree = "<group>";
		};
		747726612A36D9EB00F2B6B0 /* MooskineTests */ = {
			isa = PBXGroup;
			children = (
				747726622A36D9EB00F2B6B0 /* MooskineTests.swift */,
			);
			path = MooskineTests;
			sourceTree = "<group>";
		};
		747726792A36E11100F2B6B0 /* Managed Object Extensions */ = {
			isa = PBXGroup;
			children = (
				7477267A2A36E13A00F2B6B0 /* Notebook+Extensions.swift */,
				7477267C2A36E14A00F2B6B0 /* Note+Extensions.swift */,
			);
			path = "Managed Object Extensions";
			sourceTree = "<group>";
		};
/* End PBXGroup section */

/* Begin PBXNativeTarget section */
		7477263C2A36D7D600F2B6B0 /* Mooskine */ = {
			isa = PBXNativeTarget;
			buildConfigurationList = 747726512A36D7D900F2B6B0 /* Build configuration list for PBXNativeTarget "Mooskine" */;
			buildPhases = (
				747726392A36D7D600F2B6B0 /* Sources */,
				7477263A2A36D7D600F2B6B0 /* Frameworks */,
				7477263B2A36D7D600F2B6B0 /* Resources */,
			);
			buildRules = (
			);
			dependencies = (
			);
			name = Mooskine;
			productName = Mooskine;
			productReference = 7477263D2A36D7D600F2B6B0 /* Mooskine.app */;
			productType = "com.apple.product-type.application";
		};
		7477265F2A36D9EB00F2B6B0 /* MooskineTests */ = {
			isa = PBXNativeTarget;
			buildConfigurationList = 747726662A36D9EB00F2B6B0 /* Build configuration list for PBXNativeTarget "MooskineTests" */;
			buildPhases = (
				7477265C2A36D9EB00F2B6B0 /* Sources */,
				7477265D2A36D9EB00F2B6B0 /* Frameworks */,
				7477265E2A36D9EB00F2B6B0 /* Resources */,
			);
			buildRules = (
			);
			dependencies = (
				747726652A36D9EB00F2B6B0 /* PBXTargetDependency */,
			);
			name = MooskineTests;
			productName = MooskineTests;
			productReference = 747726602A36D9EB00F2B6B0 /* MooskineTests.xctest */;
			productType = "com.apple.product-type.bundle.unit-test";
		};
/* End PBXNativeTarget section */

/* Begin PBXProject section */
		747726352A36D7D500F2B6B0 /* Project object */ = {
			isa = PBXProject;
			attributes = {
				BuildIndependentTargetsInParallel = 1;
				LastSwiftUpdateCheck = 1320;
				LastUpgradeCheck = 1320;
				TargetAttributes = {
					7477263C2A36D7D600F2B6B0 = {
						CreatedOnToolsVersion = 13.2.1;
					};
					7477265F2A36D9EB00F2B6B0 = {
						CreatedOnToolsVersion = 13.2.1;
						TestTargetID = 7477263C2A36D7D600F2B6B0;
					};
				};
			};
			buildConfigurationList = 747726382A36D7D500F2B6B0 /* Build configuration list for PBXProject "Mooskine" */;
			compatibilityVersion = "Xcode 13.0";
			developmentRegion = en;
			hasScannedForEncodings = 0;
			knownRegions = (
				en,
				Base,
			);
			mainGroup = 747726342A36D7D500F2B6B0;
			productRefGroup = 7477263E2A36D7D600F2B6B0 /* Products */;
			projectDirPath = "";
			projectRoot = "";
			targets = (
				7477263C2A36D7D600F2B6B0 /* Mooskine */,
				7477265F2A36D9EB00F2B6B0 /* MooskineTests */,
			);
		};
/* End PBXProject section */

/* Begin PBXResourcesBuildPhase section */
		7477263B2A36D7D600F2B6B0 /* Resources */ = {
			isa = PBXResourcesBuildPhase;
			buildActionMask = 2147483647;
			files = (
				7477264D2A36D7D900F2B6B0 /* LaunchScreen.storyboard in Resources */,
				7477264A2A36D7D900F2B6B0 /* Assets.xcassets in Resources */,
				747726482A36D7D600F2B6B0 /* Main.storyboard in Resources */,
			);
			runOnlyForDeploymentPostprocessing = 0;
		};
		7477265E2A36D9EB00F2B6B0 /* Resources */ = {
			isa = PBXResourcesBuildPhase;
			buildActionMask = 2147483647;
			files = (
			);
			runOnlyForDeploymentPostprocessing = 0;
		};
/* End PBXResourcesBuildPhase section */

/* Begin PBXSourcesBuildPhase section */
		747726392A36D7D600F2B6B0 /* Sources */ = {
			isa = PBXSourcesBuildPhase;
			buildActionMask = 2147483647;
			files = (
				747726812A36E1A500F2B6B0 /* UpdateToAttributedStringsPolicy.swift in Sources */,
				747726742A36DAD200F2B6B0 /* NotebookCell.swift in Sources */,
				7477267D2A36E14A00F2B6B0 /* Note+Extensions.swift in Sources */,
				7477266E2A36DA9000F2B6B0 /* NotebooksListViewController.swift in Sources */,
				747726412A36D7D600F2B6B0 /* AppDelegate.swift in Sources */,
				747726432A36D7D600F2B6B0 /* SceneDelegate.swift in Sources */,
				7477267F2A36E18100F2B6B0 /* DataController.swift in Sources */,
				747726722A36DAB900F2B6B0 /* NotesListViewController.swift in Sources */,
				747726762A36DADE00F2B6B0 /* NoteCell.swift in Sources */,
				747726782A36DAEB00F2B6B0 /* Cell.swift in Sources */,
				7477267B2A36E13A00F2B6B0 /* Notebook+Extensions.swift in Sources */,
				747726832A36E1C200F2B6B0 /* Pathifier.swift in Sources */,
				747726702A36DAAA00F2B6B0 /* NoteDetailsViewController.swift in Sources */,
			);
			runOnlyForDeploymentPostprocessing = 0;
		};
		7477265C2A36D9EB00F2B6B0 /* Sources */ = {
			isa = PBXSourcesBuildPhase;
			buildActionMask = 2147483647;
			files = (
				747726632A36D9EB00F2B6B0 /* MooskineTests.swift in Sources */,
			);
			runOnlyForDeploymentPostprocessing = 0;
		};
/* End PBXSourcesBuildPhase section */

/* Begin PBXTargetDependency section */
		747726652A36D9EB00F2B6B0 /* PBXTargetDependency */ = {
			isa = PBXTargetDependency;
			target = 7477263C2A36D7D600F2B6B0 /* Mooskine */;
			targetProxy = 747726642A36D9EB00F2B6B0 /* PBXContainerItemProxy */;
		};
/* End PBXTargetDependency section */

/* Begin PBXVariantGroup section */
		747726462A36D7D600F2B6B0 /* Main.storyboard */ = {
			isa = PBXVariantGroup;
			children = (
				747726472A36D7D600F2B6B0 /* Base */,
			);
			name = Main.storyboard;
			sourceTree = "<group>";
		};
		7477264B2A36D7D900F2B6B0 /* LaunchScreen.storyboard */ = {
			isa = PBXVariantGroup;
			children = (
				7477264C2A36D7D900F2B6B0 /* Base */,
			);
			name = LaunchScreen.storyboard;
			sourceTree = "<group>";
		};
/* End PBXVariantGroup section */

/* Begin XCBuildConfiguration section */
		7477264F2A36D7D900F2B6B0 /* Debug */ = {
			isa = XCBuildConfiguration;
			buildSettings = {
				ALWAYS_SEARCH_USER_PATHS = NO;
				CLANG_ANALYZER_NONNULL = YES;
				CLANG_ANALYZER_NUMBER_OBJECT_CONVERSION = YES_AGGRESSIVE;
				CLANG_CXX_LANGUAGE_STANDARD = "gnu++17";
				CLANG_CXX_LIBRARY = "libc++";
				CLANG_ENABLE_MODULES = YES;
				CLANG_ENABLE_OBJC_ARC = YES;
				CLANG_ENABLE_OBJC_WEAK = YES;
				CLANG_WARN_BLOCK_CAPTURE_AUTORELEASING = YES;
				CLANG_WARN_BOOL_CONVERSION = YES;
				CLANG_WARN_COMMA = YES;
				CLANG_WARN_CONSTANT_CONVERSION = YES;
				CLANG_WARN_DEPRECATED_OBJC_IMPLEMENTATIONS = YES;
				CLANG_WARN_DIRECT_OBJC_ISA_USAGE = YES_ERROR;
				CLANG_WARN_DOCUMENTATION_COMMENTS = YES;
				CLANG_WARN_EMPTY_BODY = YES;
				CLANG_WARN_ENUM_CONVERSION = YES;
				CLANG_WARN_INFINITE_RECURSION = YES;
				CLANG_WARN_INT_CONVERSION = YES;
				CLANG_WARN_NON_LITERAL_NULL_CONVERSION = YES;
				CLANG_WARN_OBJC_IMPLICIT_RETAIN_SELF = YES;
				CLANG_WARN_OBJC_LITERAL_CONVERSION = YES;
				CLANG_WARN_OBJC_ROOT_CLASS = YES_ERROR;
				CLANG_WARN_QUOTED_INCLUDE_IN_FRAMEWORK_HEADER = YES;
				CLANG_WARN_RANGE_LOOP_ANALYSIS = YES;
				CLANG_WARN_STRICT_PROTOTYPES = YES;
				CLANG_WARN_SUSPICIOUS_MOVE = YES;
				CLANG_WARN_UNGUARDED_AVAILABILITY = YES_AGGRESSIVE;
				CLANG_WARN_UNREACHABLE_CODE = YES;
				CLANG_WARN__DUPLICATE_METHOD_MATCH = YES;
				COPY_PHASE_STRIP = NO;
				DEBUG_INFORMATION_FORMAT = dwarf;
				ENABLE_STRICT_OBJC_MSGSEND = YES;
				ENABLE_TESTABILITY = YES;
				GCC_C_LANGUAGE_STANDARD = gnu11;
				GCC_DYNAMIC_NO_PIC = NO;
				GCC_NO_COMMON_BLOCKS = YES;
				GCC_OPTIMIZATION_LEVEL = 0;
				GCC_PREPROCESSOR_DEFINITIONS = (
					"DEBUG=1",
					"$(inherited)",
				);
				GCC_WARN_64_TO_32_BIT_CONVERSION = YES;
				GCC_WARN_ABOUT_RETURN_TYPE = YES_ERROR;
				GCC_WARN_UNDECLARED_SELECTOR = YES;
				GCC_WARN_UNINITIALIZED_AUTOS = YES_AGGRESSIVE;
				GCC_WARN_UNUSED_FUNCTION = YES;
				GCC_WARN_UNUSED_VARIABLE = YES;
				IPHONEOS_DEPLOYMENT_TARGET = 15.2;
				MTL_ENABLE_DEBUG_INFO = INCLUDE_SOURCE;
				MTL_FAST_MATH = YES;
				ONLY_ACTIVE_ARCH = YES;
				SDKROOT = iphoneos;
				SWIFT_ACTIVE_COMPILATION_CONDITIONS = DEBUG;
				SWIFT_OPTIMIZATION_LEVEL = "-Onone";
			};
			name = Debug;
		};
		747726502A36D7D900F2B6B0 /* Release */ = {
			isa = XCBuildConfiguration;
			buildSettings = {
				ALWAYS_SEARCH_USER_PATHS = NO;
				CLANG_ANALYZER_NONNULL = YES;
				CLANG_ANALYZER_NUMBER_OBJECT_CONVERSION = YES_AGGRESSIVE;
				CLANG_CXX_LANGUAGE_STANDARD = "gnu++17";
				CLANG_CXX_LIBRARY = "libc++";
				CLANG_ENABLE_MODULES = YES;
				CLANG_ENABLE_OBJC_ARC = YES;
				CLANG_ENABLE_OBJC_WEAK = YES;
				CLANG_WARN_BLOCK_CAPTURE_AUTORELEASING = YES;
				CLANG_WARN_BOOL_CONVERSION = YES;
				CLANG_WARN_COMMA = YES;
				CLANG_WARN_CONSTANT_CONVERSION = YES;
				CLANG_WARN_DEPRECATED_OBJC_IMPLEMENTATIONS = YES;
				CLANG_WARN_DIRECT_OBJC_ISA_USAGE = YES_ERROR;
				CLANG_WARN_DOCUMENTATION_COMMENTS = YES;
				CLANG_WARN_EMPTY_BODY = YES;
				CLANG_WARN_ENUM_CONVERSION = YES;
				CLANG_WARN_INFINITE_RECURSION = YES;
				CLANG_WARN_INT_CONVERSION = YES;
				CLANG_WARN_NON_LITERAL_NULL_CONVERSION = YES;
				CLANG_WARN_OBJC_IMPLICIT_RETAIN_SELF = YES;
				CLANG_WARN_OBJC_LITERAL_CONVERSION = YES;
				CLANG_WARN_OBJC_ROOT_CLASS = YES_ERROR;
				CLANG_WARN_QUOTED_INCLUDE_IN_FRAMEWORK_HEADER = YES;
				CLANG_WARN_RANGE_LOOP_ANALYSIS = YES;
				CLANG_WARN_STRICT_PROTOTYPES = YES;
				CLANG_WARN_SUSPICIOUS_MOVE = YES;
				CLANG_WARN_UNGUARDED_AVAILABILITY = YES_AGGRESSIVE;
				CLANG_WARN_UNREACHABLE_CODE = YES;
				CLANG_WARN__DUPLICATE_METHOD_MATCH = YES;
				COPY_PHASE_STRIP = NO;
				DEBUG_INFORMATION_FORMAT = "dwarf-with-dsym";
				ENABLE_NS_ASSERTIONS = NO;
				ENABLE_STRICT_OBJC_MSGSEND = YES;
				GCC_C_LANGUAGE_STANDARD = gnu11;
				GCC_NO_COMMON_BLOCKS = YES;
				GCC_WARN_64_TO_32_BIT_CONVERSION = YES;
				GCC_WARN_ABOUT_RETURN_TYPE = YES_ERROR;
				GCC_WARN_UNDECLARED_SELECTOR = YES;
				GCC_WARN_UNINITIALIZED_AUTOS = YES_AGGRESSIVE;
				GCC_WARN_UNUSED_FUNCTION = YES;
				GCC_WARN_UNUSED_VARIABLE = YES;
				IPHONEOS_DEPLOYMENT_TARGET = 15.2;
				MTL_ENABLE_DEBUG_INFO = NO;
				MTL_FAST_MATH = YES;
				SDKROOT = iphoneos;
				SWIFT_COMPILATION_MODE = wholemodule;
				SWIFT_OPTIMIZATION_LEVEL = "-O";
				VALIDATE_PRODUCT = YES;
			};
			name = Release;
		};
		747726522A36D7D900F2B6B0 /* Debug */ = {
			isa = XCBuildConfiguration;
			buildSettings = {
				ASSETCATALOG_COMPILER_APPICON_NAME = AppIcon;
				ASSETCATALOG_COMPILER_GLOBAL_ACCENT_COLOR_NAME = AccentColor;
				CODE_SIGN_STYLE = Automatic;
				CURRENT_PROJECT_VERSION = 1;
				DEVELOPMENT_TEAM = 74PW6BXP9Q;
				GENERATE_INFOPLIST_FILE = YES;
				INFOPLIST_FILE = Mooskine/Info.plist;
				INFOPLIST_KEY_UIApplicationSupportsIndirectInputEvents = YES;
				INFOPLIST_KEY_UILaunchStoryboardName = LaunchScreen;
				INFOPLIST_KEY_UIMainStoryboardFile = Main;
				INFOPLIST_KEY_UISupportedInterfaceOrientations_iPad = "UIInterfaceOrientationPortrait UIInterfaceOrientationPortraitUpsideDown UIInterfaceOrientationLandscapeLeft UIInterfaceOrientationLandscapeRight";
				INFOPLIST_KEY_UISupportedInterfaceOrientations_iPhone = "UIInterfaceOrientationPortrait UIInterfaceOrientationLandscapeLeft UIInterfaceOrientationLandscapeRight";
				LD_RUNPATH_SEARCH_PATHS = (
					"$(inherited)",
					"@executable_path/Frameworks",
				);
				MARKETING_VERSION = 1.0;
				PRODUCT_BUNDLE_IDENTIFIER = com.BoostAlive.ios.Mooskine;
				PRODUCT_NAME = "$(TARGET_NAME)";
				SWIFT_EMIT_LOC_STRINGS = YES;
				SWIFT_VERSION = 5.0;
				TARGETED_DEVICE_FAMILY = "1,2";
			};
			name = Debug;
		};
		747726532A36D7D900F2B6B0 /* Release */ = {
			isa = XCBuildConfiguration;
			buildSettings = {
				ASSETCATALOG_COMPILER_APPICON_NAME = AppIcon;
				ASSETCATALOG_COMPILER_GLOBAL_ACCENT_COLOR_NAME = AccentColor;
				CODE_SIGN_STYLE = Automatic;
				CURRENT_PROJECT_VERSION = 1;
				DEVELOPMENT_TEAM = 74PW6BXP9Q;
				GENERATE_INFOPLIST_FILE = YES;
				INFOPLIST_FILE = Mooskine/Info.plist;
				INFOPLIST_KEY_UIApplicationSupportsIndirectInputEvents = YES;
				INFOPLIST_KEY_UILaunchStoryboardName = LaunchScreen;
				INFOPLIST_KEY_UIMainStoryboardFile = Main;
				INFOPLIST_KEY_UISupportedInterfaceOrientations_iPad = "UIInterfaceOrientationPortrait UIInterfaceOrientationPortraitUpsideDown UIInterfaceOrientationLandscapeLeft UIInterfaceOrientationLandscapeRight";
				INFOPLIST_KEY_UISupportedInterfaceOrientations_iPhone = "UIInterfaceOrientationPortrait UIInterfaceOrientationLandscapeLeft UIInterfaceOrientationLandscapeRight";
				LD_RUNPATH_SEARCH_PATHS = (
					"$(inherited)",
					"@executable_path/Frameworks",
				);
				MARKETING_VERSION = 1.0;
				PRODUCT_BUNDLE_IDENTIFIER = com.BoostAlive.ios.Mooskine;
				PRODUCT_NAME = "$(TARGET_NAME)";
				SWIFT_EMIT_LOC_STRINGS = YES;
				SWIFT_VERSION = 5.0;
				TARGETED_DEVICE_FAMILY = "1,2";
			};
			name = Release;
		};
		747726672A36D9EB00F2B6B0 /* Debug */ = {
			isa = XCBuildConfiguration;
			buildSettings = {
				BUNDLE_LOADER = "$(TEST_HOST)";
				CODE_SIGN_STYLE = Automatic;
				CURRENT_PROJECT_VERSION = 1;
				DEVELOPMENT_TEAM = 74PW6BXP9Q;
				GENERATE_INFOPLIST_FILE = YES;
				MARKETING_VERSION = 1.0;
				PRODUCT_BUNDLE_IDENTIFIER = com.BoostAlive.ios.MooskineTests;
				PRODUCT_NAME = "$(TARGET_NAME)";
				SWIFT_EMIT_LOC_STRINGS = NO;
				SWIFT_VERSION = 5.0;
				TARGETED_DEVICE_FAMILY = "1,2";
				TEST_HOST = "$(BUILT_PRODUCTS_DIR)/Mooskine.app/Mooskine";
			};
			name = Debug;
		};
		747726682A36D9EB00F2B6B0 /* Release */ = {
			isa = XCBuildConfiguration;
			buildSettings = {
				BUNDLE_LOADER = "$(TEST_HOST)";
				CODE_SIGN_STYLE = Automatic;
				CURRENT_PROJECT_VERSION = 1;
				DEVELOPMENT_TEAM = 74PW6BXP9Q;
				GENERATE_INFOPLIST_FILE = YES;
				MARKETING_VERSION = 1.0;
				PRODUCT_BUNDLE_IDENTIFIER = com.BoostAlive.ios.MooskineTests;
				PRODUCT_NAME = "$(TARGET_NAME)";
				SWIFT_EMIT_LOC_STRINGS = NO;
				SWIFT_VERSION = 5.0;
				TARGETED_DEVICE_FAMILY = "1,2";
				TEST_HOST = "$(BUILT_PRODUCTS_DIR)/Mooskine.app/Mooskine";
			};
			name = Release;
		};
/* End XCBuildConfiguration section */

/* Begin XCConfigurationList section */
		747726382A36D7D500F2B6B0 /* Build configuration list for PBXProject "Mooskine" */ = {
			isa = XCConfigurationList;
			buildConfigurations = (
				7477264F2A36D7D900F2B6B0 /* Debug */,
				747726502A36D7D900F2B6B0 /* Release */,
			);
			defaultConfigurationIsVisible = 0;
			defaultConfigurationName = Release;
		};
		747726512A36D7D900F2B6B0 /* Build configuration list for PBXNativeTarget "Mooskine" */ = {
			isa = XCConfigurationList;
			buildConfigurations = (
				747726522A36D7D900F2B6B0 /* Debug */,
				747726532A36D7D900F2B6B0 /* Release */,
			);
			defaultConfigurationIsVisible = 0;
			defaultConfigurationName = Release;
		};
		747726662A36D9EB00F2B6B0 /* Build configuration list for PBXNativeTarget "MooskineTests" */ = {
			isa = XCConfigurationList;
			buildConfigurations = (
				747726672A36D9EB00F2B6B0 /* Debug */,
				747726682A36D9EB00F2B6B0 /* Release */,
			);
			defaultConfigurationIsVisible = 0;
			defaultConfigurationName = Release;
		};
/* End XCConfigurationList section */
	};
	rootObject = 747726352A36D7D500F2B6B0 /* Project object */;
}
